
Microsoft Visual Studio Solution File, Format Version 12.00
# Visual Studio 15
VisualStudioVersion = 15.0.26403.3
MinimumVisualStudioVersion = 10.0.40219.1
Project("{9A19103F-16F7-4668-BE54-9A1E7A4F7556}") = "Q42.ImageResizert", "Q42.ImageResizert\Q42.ImageResizert.csproj", "{530AFD3D-1D34-43AC-BD57-FD0447DDDF13}"
EndProject
Global
	GlobalSection(SolutionConfigurationPlatforms) = preSolution
		Debug|Any CPU = Debug|Any CPU
		Release|Any CPU = Release|Any CPU
	EndGlobalSection
	GlobalSection(ProjectConfigurationPlatforms) = postSolution
		{530AFD3D-1D34-43AC-BD57-FD0447DDDF13}.Debug|Any CPU.ActiveCfg = Debug|Any CPU
		{530AFD3D-1D34-43AC-BD57-FD0447DDDF13}.Debug|Any CPU.Build.0 = Debug|Any CPU
		{530AFD3D-1D34-43AC-BD57-FD0447DDDF13}.Release|Any CPU.ActiveCfg = Release|Any CPU
		{530AFD3D-1D34-43AC-BD57-FD0447DDDF13}.Release|Any CPU.Build.0 = Release|Any CPU
	EndGlobalSection
	GlobalSection(SolutionProperties) = preSolution
		HideSolutionNode = FALSE
	EndGlobalSection
EndGlobal
